
Microsoft Visual Studio Solution File, Format Version 12.00
# Visual Studio 2013
VisualStudioVersion = 12.0.21005.1
MinimumVisualStudioVersion = 10.0.40219.1
Project("{2150E333-8FDC-42A3-9474-1A3956D46DE8}") = "Engine", "Engine", "{D62BB969-B946-4FA9-A394-A4D5BC9C6878}"
EndProject
Project("{2150E333-8FDC-42A3-9474-1A3956D46DE8}") = "Games", "Games", "{099E7D36-7233-45D3-BCB5-AD8EB000DE61}"
EndProject
Project("{8BC9CEB8-8B4A-11D0-8D11-00A0C91BC942}") = "CompilerProject", "Intermediate\ProjectFiles\CompilerProject.vcxproj", "{BE55762C-D543-4BD0-83F7-3B7BB6EAD47E}"
EndProject
Project("{8BC9CEB8-8B4A-11D0-8D11-00A0C91BC942}") = "UE4", "Intermediate\ProjectFiles\UE4.vcxproj", "{4E4EB251-931C-4AA8-88C1-00FCBE4A86FE}"
EndProject
Global
	GlobalSection(SolutionConfigurationPlatforms) = preSolution
		DebugGame Editor|Android = DebugGame Editor|Android
		DebugGame Editor|Windows = DebugGame Editor|Windows
		DebugGame|Android = DebugGame|Android
		DebugGame|Windows = DebugGame|Windows
		Development Editor|Android = Development Editor|Android
		Development Editor|Windows = Development Editor|Windows
		Development|Android = Development|Android
		Development|Windows = Development|Windows
		Shipping|Android = Shipping|Android
		Shipping|Windows = Shipping|Windows
	EndGlobalSection
	GlobalSection(ProjectConfigurationPlatforms) = postSolution
		{BE55762C-D543-4BD0-83F7-3B7BB6EAD47E}.DebugGame Editor|Android.ActiveCfg = Development_Game|x64
		{BE55762C-D543-4BD0-83F7-3B7BB6EAD47E}.DebugGame Editor|Windows.ActiveCfg = DebugGame_Editor|x64
		{BE55762C-D543-4BD0-83F7-3B7BB6EAD47E}.DebugGame Editor|Windows.Build.0 = DebugGame_Editor|x64
		{BE55762C-D543-4BD0-83F7-3B7BB6EAD47E}.DebugGame|Android.ActiveCfg = DebugGame_Game|Tegra-Android
		{BE55762C-D543-4BD0-83F7-3B7BB6EAD47E}.DebugGame|Android.Build.0 = DebugGame_Game|Tegra-Android
		{BE55762C-D543-4BD0-83F7-3B7BB6EAD47E}.DebugGame|Windows.ActiveCfg = DebugGame_Game|x64
		{BE55762C-D543-4BD0-83F7-3B7BB6EAD47E}.DebugGame|Windows.Build.0 = DebugGame_Game|x64
		{BE55762C-D543-4BD0-83F7-3B7BB6EAD47E}.Development Editor|Android.ActiveCfg = Development_Game|x64
		{BE55762C-D543-4BD0-83F7-3B7BB6EAD47E}.Development Editor|Windows.ActiveCfg = Development_Editor|x64
		{BE55762C-D543-4BD0-83F7-3B7BB6EAD47E}.Development Editor|Windows.Build.0 = Development_Editor|x64
		{BE55762C-D543-4BD0-83F7-3B7BB6EAD47E}.Development|Android.ActiveCfg = Development_Game|Tegra-Android
		{BE55762C-D543-4BD0-83F7-3B7BB6EAD47E}.Development|Android.Build.0 = Development_Game|Tegra-Android
		{BE55762C-D543-4BD0-83F7-3B7BB6EAD47E}.Development|Windows.ActiveCfg = Development_Game|x64
		{BE55762C-D543-4BD0-83F7-3B7BB6EAD47E}.Development|Windows.Build.0 = Development_Game|x64
		{BE55762C-D543-4BD0-83F7-3B7BB6EAD47E}.Shipping|Android.ActiveCfg = Shipping_Game|Tegra-Android
		{BE55762C-D543-4BD0-83F7-3B7BB6EAD47E}.Shipping|Android.Build.0 = Shipping_Game|Tegra-Android
		{BE55762C-D543-4BD0-83F7-3B7BB6EAD47E}.Shipping|Windows.ActiveCfg = Shipping_Game|Win32
		{BE55762C-D543-4BD0-83F7-3B7BB6EAD47E}.Shipping|Windows.Build.0 = Shipping_Game|Win32
		{4E4EB251-931C-4AA8-88C1-00FCBE4A86FE}.DebugGame Editor|Android.ActiveCfg = BuiltWithUnrealBuildTool|Win32
		{4E4EB251-931C-4AA8-88C1-00FCBE4A86FE}.DebugGame Editor|Windows.ActiveCfg = BuiltWithUnrealBuildTool|Win32
		{4E4EB251-931C-4AA8-88C1-00FCBE4A86FE}.DebugGame|Android.ActiveCfg = BuiltWithUnrealBuildTool|Win32
		{4E4EB251-931C-4AA8-88C1-00FCBE4A86FE}.DebugGame|Windows.ActiveCfg = BuiltWithUnrealBuildTool|Win32
		{4E4EB251-931C-4AA8-88C1-00FCBE4A86FE}.Development Editor|Android.ActiveCfg = BuiltWithUnrealBuildTool|Win32
		{4E4EB251-931C-4AA8-88C1-00FCBE4A86FE}.Development Editor|Windows.ActiveCfg = BuiltWithUnrealBuildTool|Win32
		{4E4EB251-931C-4AA8-88C1-00FCBE4A86FE}.Development|Android.ActiveCfg = BuiltWithUnrealBuildTool|Win32
		{4E4EB251-931C-4AA8-88C1-00FCBE4A86FE}.Development|Windows.ActiveCfg = BuiltWithUnrealBuildTool|Win32
		{4E4EB251-931C-4AA8-88C1-00FCBE4A86FE}.Shipping|Android.ActiveCfg = BuiltWithUnrealBuildTool|Win32
		{4E4EB251-931C-4AA8-88C1-00FCBE4A86FE}.Shipping|Windows.ActiveCfg = BuiltWithUnrealBuildTool|Win32
	EndGlobalSection
	GlobalSection(SolutionProperties) = preSolution
		HideSolutionNode = FALSE
	EndGlobalSection
	GlobalSection(NestedProjects) = preSolution
		{4E4EB251-931C-4AA8-88C1-00FCBE4A86FE} = {D62BB969-B946-4FA9-A394-A4D5BC9C6878}
		{BE55762C-D543-4BD0-83F7-3B7BB6EAD47E} = {099E7D36-7233-45D3-BCB5-AD8EB000DE61}
	EndGlobalSection
EndGlobal
